
Microsoft Visual Studio Solution File, Format Version 11.00
# Visual Studio 2010
Project("{FAE04EC0-301F-11D3-BF4B-00C04F79EFBC}") = "Jan9", "Assembly-CSharp-firstpass.csproj", "{374660EE-AE24-C3D7-16BC-DDE62BEDD926}"
EndProject
Project("{FAE04EC0-301F-11D3-BF4B-00C04F79EFBC}") = "Jan9", "Assembly-CSharp.csproj", "{6D7A824B-B1A3-123B-1E4C-6162C31EC06B}"
EndProject
Project("{FAE04EC0-301F-11D3-BF4B-00C04F79EFBC}") = "Jan9", "Assembly-CSharp-Editor-firstpass.csproj", "{0CFABF67-F9B2-BE8A-6C76-1B9AE11F24C1}"
EndProject
Project("{FAE04EC0-301F-11D3-BF4B-00C04F79EFBC}") = "Jan9", "Assembly-CSharp-Editor.csproj", "{536ABD01-B546-A1E6-9F8E-7EEA0B367DA7}"
EndProject
Global
	GlobalSection(SolutionConfigurationPlatforms) = preSolution
		Debug|Any CPU = Debug|Any CPU
		Release|Any CPU = Release|Any CPU
	EndGlobalSection
	GlobalSection(ProjectConfigurationPlatforms) = postSolution
		{374660EE-AE24-C3D7-16BC-DDE62BEDD926}.Debug|Any CPU.ActiveCfg = Debug|Any CPU
		{374660EE-AE24-C3D7-16BC-DDE62BEDD926}.Debug|Any CPU.Build.0 = Debug|Any CPU
		{374660EE-AE24-C3D7-16BC-DDE62BEDD926}.Release|Any CPU.ActiveCfg = Release|Any CPU
		{374660EE-AE24-C3D7-16BC-DDE62BEDD926}.Release|Any CPU.Build.0 = Release|Any CPU
		{6D7A824B-B1A3-123B-1E4C-6162C31EC06B}.Debug|Any CPU.ActiveCfg = Debug|Any CPU
		{6D7A824B-B1A3-123B-1E4C-6162C31EC06B}.Debug|Any CPU.Build.0 = Debug|Any CPU
		{6D7A824B-B1A3-123B-1E4C-6162C31EC06B}.Release|Any CPU.ActiveCfg = Release|Any CPU
		{6D7A824B-B1A3-123B-1E4C-6162C31EC06B}.Release|Any CPU.Build.0 = Release|Any CPU
		{0CFABF67-F9B2-BE8A-6C76-1B9AE11F24C1}.Debug|Any CPU.ActiveCfg = Debug|Any CPU
		{0CFABF67-F9B2-BE8A-6C76-1B9AE11F24C1}.Debug|Any CPU.Build.0 = Debug|Any CPU
		{0CFABF67-F9B2-BE8A-6C76-1B9AE11F24C1}.Release|Any CPU.ActiveCfg = Release|Any CPU
		{0CFABF67-F9B2-BE8A-6C76-1B9AE11F24C1}.Release|Any CPU.Build.0 = Release|Any CPU
		{536ABD01-B546-A1E6-9F8E-7EEA0B367DA7}.Debug|Any CPU.ActiveCfg = Debug|Any CPU
		{536ABD01-B546-A1E6-9F8E-7EEA0B367DA7}.Debug|Any CPU.Build.0 = Debug|Any CPU
		{536ABD01-B546-A1E6-9F8E-7EEA0B367DA7}.Release|Any CPU.ActiveCfg = Release|Any CPU
		{536ABD01-B546-A1E6-9F8E-7EEA0B367DA7}.Release|Any CPU.Build.0 = Release|Any CPU
	EndGlobalSection
	GlobalSection(SolutionProperties) = preSolution
		HideSolutionNode = FALSE
	EndGlobalSection
	GlobalSection(MonoDevelopProperties) = preSolution
		StartupItem = Assembly-CSharp.csproj
	EndGlobalSection
EndGlobal
