
Microsoft Visual Studio Solution File, Format Version 12.00
# Visual Studio 15
Project("{FAE04EC0-301F-11D3-BF4B-00C04F79EFBC}") = "Assembly-CSharp-firstpass", "Assembly-CSharp-firstpass.csproj", "{50E80149-B542-3905-5C85-041A589FF84A}"
EndProject
Project("{FAE04EC0-301F-11D3-BF4B-00C04F79EFBC}") = "Assembly-CSharp", "Assembly-CSharp.csproj", "{5352F260-DC00-E565-ED5B-EE8007E39F55}"
EndProject
Project("{FAE04EC0-301F-11D3-BF4B-00C04F79EFBC}") = "Assembly-CSharp-Editor-firstpass", "Assembly-CSharp-Editor-firstpass.csproj", "{E5858F27-37C7-9FB7-53CD-3D88BEA480F3}"
EndProject
Project("{FAE04EC0-301F-11D3-BF4B-00C04F79EFBC}") = "Assembly-CSharp-Editor", "Assembly-CSharp-Editor.csproj", "{7212CD04-4295-81D0-55AC-9DEF5B7680F3}"
EndProject
Global
	GlobalSection(SolutionConfigurationPlatforms) = preSolution
		Debug|Any CPU = Debug|Any CPU
		Release|Any CPU = Release|Any CPU
	EndGlobalSection
	GlobalSection(ProjectConfigurationPlatforms) = postSolution
		{50E80149-B542-3905-5C85-041A589FF84A}.Debug|Any CPU.ActiveCfg = Debug|Any CPU
		{50E80149-B542-3905-5C85-041A589FF84A}.Debug|Any CPU.Build.0 = Debug|Any CPU
		{50E80149-B542-3905-5C85-041A589FF84A}.Release|Any CPU.ActiveCfg = Release|Any CPU
		{50E80149-B542-3905-5C85-041A589FF84A}.Release|Any CPU.Build.0 = Release|Any CPU
		{5352F260-DC00-E565-ED5B-EE8007E39F55}.Debug|Any CPU.ActiveCfg = Debug|Any CPU
		{5352F260-DC00-E565-ED5B-EE8007E39F55}.Debug|Any CPU.Build.0 = Debug|Any CPU
		{5352F260-DC00-E565-ED5B-EE8007E39F55}.Release|Any CPU.ActiveCfg = Release|Any CPU
		{5352F260-DC00-E565-ED5B-EE8007E39F55}.Release|Any CPU.Build.0 = Release|Any CPU
		{E5858F27-37C7-9FB7-53CD-3D88BEA480F3}.Debug|Any CPU.ActiveCfg = Debug|Any CPU
		{E5858F27-37C7-9FB7-53CD-3D88BEA480F3}.Debug|Any CPU.Build.0 = Debug|Any CPU
		{E5858F27-37C7-9FB7-53CD-3D88BEA480F3}.Release|Any CPU.ActiveCfg = Release|Any CPU
		{E5858F27-37C7-9FB7-53CD-3D88BEA480F3}.Release|Any CPU.Build.0 = Release|Any CPU
		{7212CD04-4295-81D0-55AC-9DEF5B7680F3}.Debug|Any CPU.ActiveCfg = Debug|Any CPU
		{7212CD04-4295-81D0-55AC-9DEF5B7680F3}.Debug|Any CPU.Build.0 = Debug|Any CPU
		{7212CD04-4295-81D0-55AC-9DEF5B7680F3}.Release|Any CPU.ActiveCfg = Release|Any CPU
		{7212CD04-4295-81D0-55AC-9DEF5B7680F3}.Release|Any CPU.Build.0 = Release|Any CPU
	EndGlobalSection
	GlobalSection(SolutionProperties) = preSolution
		HideSolutionNode = FALSE
	EndGlobalSection
EndGlobal
